
Microsoft Visual Studio Solution File, Format Version 10.00
# Visual Studio 2008
Project("{8BC9CEB8-8B4A-11D0-8D11-00A0C91BC942}") = "oillevel", "oillevel\oillevel.vcproj", "{F61A7622-A1D5-4E17-9754-ABA13CF0D626}"
EndProject
Project("{8BC9CEB8-8B4A-11D0-8D11-00A0C91BC942}") = "testbed", "testbed\testbed.vcproj", "{B5072172-5DE1-4B43-813C-2A610199B8D1}"
EndProject
Global
	GlobalSection(SolutionConfigurationPlatforms) = preSolution
		Debug|Win32 = Debug|Win32
		Release|Win32 = Release|Win32
	EndGlobalSection
	GlobalSection(ProjectConfigurationPlatforms) = postSolution
		{F61A7622-A1D5-4E17-9754-ABA13CF0D626}.Debug|Win32.ActiveCfg = Debug|Win32
		{F61A7622-A1D5-4E17-9754-ABA13CF0D626}.Debug|Win32.Build.0 = Debug|Win32
		{F61A7622-A1D5-4E17-9754-ABA13CF0D626}.Release|Win32.ActiveCfg = Release|Win32
		{F61A7622-A1D5-4E17-9754-ABA13CF0D626}.Release|Win32.Build.0 = Release|Win32
		{B5072172-5DE1-4B43-813C-2A610199B8D1}.Debug|Win32.ActiveCfg = Debug|Win32
		{B5072172-5DE1-4B43-813C-2A610199B8D1}.Debug|Win32.Build.0 = Debug|Win32
		{B5072172-5DE1-4B43-813C-2A610199B8D1}.Release|Win32.ActiveCfg = Release|Win32
		{B5072172-5DE1-4B43-813C-2A610199B8D1}.Release|Win32.Build.0 = Release|Win32
	EndGlobalSection
	GlobalSection(SolutionProperties) = preSolution
		HideSolutionNode = FALSE
	EndGlobalSection
EndGlobal
