<?xml version="1.0" encoding="utf-8"?>
<Project ToolsVersion="4.0" xmlns="http://schemas.microsoft.com/developer/msbuild/2003">
  <ItemGroup>
    <Filter Include="源文件">
      <UniqueIdentifier>{4FC737F1-C7A5-4376-A066-2A32D752A2FF}</UniqueIdentifier>
      <Extensions>cpp;c;cc;cxx;def;odl;idl;hpj;bat;asm;asmx</Extensions>
    </Filter>
    <Filter Include="头文件">
      <UniqueIdentifier>{93995380-89BD-4b04-88EB-625FBE52EBFB}</UniqueIdentifier>
      <Extensions>h;hpp;hxx;hm;inl;inc;xsd</Extensions>
    </Filter>
    <Filter Include="资源文件">
      <UniqueIdentifier>{67DA6AB6-F800-4c08-8B7A-83BB121AAD01}</UniqueIdentifier>
      <Extensions>rc;ico;cur;bmp;dlg;rc2;rct;bin;rgs;gif;jpg;jpeg;jpe;resx;tiff;tif;png;wav</Extensions>
    </Filter>
  </ItemGroup>
  <ItemGroup>
    <ClCompile Include="src\facedespot\bbgeometry.c">
      <Filter>源文件</Filter>
    </ClCompile>
    <ClCompile Include="src\facedespot\blobfilter.c">
      <Filter>源文件</Filter>
    </ClCompile>
    <ClCompile Include="src\lightoff\eigen.cpp">
      <Filter>源文件</Filter>
    </ClCompile>
    <ClCompile Include="src\mask\facemask.c">
      <Filter>源文件</Filter>
    </ClCompile>
    <ClCompile Include="src\lightoff\flatnn.c">
      <Filter>源文件</Filter>
    </ClCompile>
    <ClCompile Include="src\gradient\gradient.c">
      <Filter>源文件</Filter>
    </ClCompile>
    <ClCompile Include="src\filter\HaarResponse.c">
      <Filter>源文件</Filter>
    </ClCompile>
    <ClCompile Include="src\hisi\hisi.c">
      <Filter>源文件</Filter>
    </ClCompile>
    <ClCompile Include="src\imagepro\hough.c">
      <Filter>源文件</Filter>
    </ClCompile>
    <ClCompile Include="src\HYL_LightOff.cpp">
      <Filter>源文件</Filter>
    </ClCompile>
    <ClCompile Include="src\image\liblock.c">
      <Filter>源文件</Filter>
    </ClCompile>
    <ClCompile Include="src\image\lichannel.c">
      <Filter>源文件</Filter>
    </ClCompile>
    <ClCompile Include="src\licommon\lidebug.c">
      <Filter>源文件</Filter>
    </ClCompile>
    <ClCompile Include="src\facedespot\liedge.c">
      <Filter>源文件</Filter>
    </ClCompile>
    <ClCompile Include="src\lightoff\LightOff_SqueezeNet_S1.c">
      <Filter>源文件</Filter>
    </ClCompile>
    <ClCompile Include="src\image\liimage.c">
      <Filter>源文件</Filter>
    </ClCompile>
    <ClCompile Include="src\imgfmt_trans\liimgfmttrans.c">
      <Filter>源文件</Filter>
    </ClCompile>
    <ClCompile Include="src\image\liintegral.c">
      <Filter>源文件</Filter>
    </ClCompile>
    <ClCompile Include="src\mask\limask.c">
      <Filter>源文件</Filter>
    </ClCompile>
    <ClCompile Include="src\licommon\limem.c">
      <Filter>源文件</Filter>
    </ClCompile>
    <ClCompile Include="src\image\lineSegment_ex.c">
      <Filter>源文件</Filter>
    </ClCompile>
    <ClCompile Include="src\facedespot\liresize.c">
      <Filter>源文件</Filter>
    </ClCompile>
    <ClCompile Include="src\imgfmt_trans\lirgb_yuv.c">
      <Filter>源文件</Filter>
    </ClCompile>
    <ClCompile Include="src\licommon\lisort.c">
      <Filter>源文件</Filter>
    </ClCompile>
    <ClCompile Include="src\licommon\litimer.c">
      <Filter>源文件</Filter>
    </ClCompile>
    <ClCompile Include="src\image\liwatermark.c">
      <Filter>源文件</Filter>
    </ClCompile>
    <ClCompile Include="src\Match\MatchRigidBody.c">
      <Filter>源文件</Filter>
    </ClCompile>
    <ClCompile Include="src\facedespot\ncc.c">
      <Filter>源文件</Filter>
    </ClCompile>
    <ClCompile Include="src\image\resample.c">
      <Filter>源文件</Filter>
    </ClCompile>
    <ClCompile Include="src\image\rotateBlock.c">
      <Filter>源文件</Filter>
    </ClCompile>
    <ClCompile Include="src\imagepro\sort.c">
      <Filter>源文件</Filter>
    </ClCompile>
    <ClCompile Include="src\lightoff\SqueezeNet_deng_1.c">
      <Filter>源文件</Filter>
    </ClCompile>
    <ClCompile Include="src\lightoff\SqueezeNet_deng_2.c">
      <Filter>源文件</Filter>
    </ClCompile>
    <ClCompile Include="src\lightoff\SqueezeNet_deng_3.c">
      <Filter>源文件</Filter>
    </ClCompile>
    <ClCompile Include="src\lightoff\SqueezeNet_deng_4.c">
      <Filter>源文件</Filter>
    </ClCompile>
    <ClCompile Include="src\lightoff\SqueezeNet_deng_5.c">
      <Filter>源文件</Filter>
    </ClCompile>
    <ClCompile Include="src\lightoff\SqueezeNet_deng_6.c">
      <Filter>源文件</Filter>
    </ClCompile>
    <ClCompile Include="src\lightoff\SqueezeNet_deng_7.c">
      <Filter>源文件</Filter>
    </ClCompile>
    <ClCompile Include="src\lightoff\SqueezeNet_deng_8.c">
      <Filter>源文件</Filter>
    </ClCompile>
    <ClCompile Include="src\facedespot\symtrans.c">
      <Filter>源文件</Filter>
    </ClCompile>
  </ItemGroup>
  <ItemGroup>
    <ClInclude Include="inc\amcomdef.h">
      <Filter>头文件</Filter>
    </ClInclude>
    <ClInclude Include="src\facedespot\bbgeometry.h">
      <Filter>头文件</Filter>
    </ClInclude>
    <ClInclude Include="src\facedespot\blobfilter.h">
      <Filter>头文件</Filter>
    </ClInclude>
    <ClInclude Include="src\facedespot\facedespot.h">
      <Filter>头文件</Filter>
    </ClInclude>
    <ClInclude Include="src\mask\facemask.h">
      <Filter>头文件</Filter>
    </ClInclude>
    <ClInclude Include="src\lightoff\flatnn.h">
      <Filter>头文件</Filter>
    </ClInclude>
    <ClInclude Include="src\gradient\gradient.h">
      <Filter>头文件</Filter>
    </ClInclude>
    <ClInclude Include="src\filter\HaarResponse.h">
      <Filter>头文件</Filter>
    </ClInclude>
    <ClInclude Include="src\hisi\hisi.h">
      <Filter>头文件</Filter>
    </ClInclude>
    <ClInclude Include="src\imagepro\hough.h">
      <Filter>头文件</Filter>
    </ClInclude>
    <ClInclude Include="inc\HYL_LightOff.h">
      <Filter>头文件</Filter>
    </ClInclude>
    <ClInclude Include="src\image\liblock.h">
      <Filter>头文件</Filter>
    </ClInclude>
    <ClInclude Include="src\image\lichannel.h">
      <Filter>头文件</Filter>
    </ClInclude>
    <ClInclude Include="src\licommon\licomdef.h">
      <Filter>头文件</Filter>
    </ClInclude>
    <ClInclude Include="src\licommon\lidebug.h">
      <Filter>头文件</Filter>
    </ClInclude>
    <ClInclude Include="src\facedespot\liedge.h">
      <Filter>头文件</Filter>
    </ClInclude>
    <ClInclude Include="src\licommon\lierrdef.h">
      <Filter>头文件</Filter>
    </ClInclude>
    <ClInclude Include="src\lightoff\LightOff_SqueezeNet_S1.h">
      <Filter>头文件</Filter>
    </ClInclude>
    <ClInclude Include="src\image\liimage.h">
      <Filter>头文件</Filter>
    </ClInclude>
    <ClInclude Include="src\imgfmt_trans\liimgfmttrans.h">
      <Filter>头文件</Filter>
    </ClInclude>
    <ClInclude Include="src\image\liintegral.h">
      <Filter>头文件</Filter>
    </ClInclude>
    <ClInclude Include="src\mask\limask.h">
      <Filter>头文件</Filter>
    </ClInclude>
    <ClInclude Include="src\licommon\limath.h">
      <Filter>头文件</Filter>
    </ClInclude>
    <ClInclude Include="src\licommon\limem.h">
      <Filter>头文件</Filter>
    </ClInclude>
    <ClInclude Include="src\image\lineSegment_ex.h">
      <Filter>头文件</Filter>
    </ClInclude>
    <ClInclude Include="src\facedespot\liresize.h">
      <Filter>头文件</Filter>
    </ClInclude>
    <ClInclude Include="src\imgfmt_trans\lirgb_yuv.h">
      <Filter>头文件</Filter>
    </ClInclude>
    <ClInclude Include="src\licommon\lisort.h">
      <Filter>头文件</Filter>
    </ClInclude>
    <ClInclude Include="src\licommon\litimer.h">
      <Filter>头文件</Filter>
    </ClInclude>
    <ClInclude Include="src\litrimfun.h">
      <Filter>头文件</Filter>
    </ClInclude>
    <ClInclude Include="src\image\liwatermark.h">
      <Filter>头文件</Filter>
    </ClInclude>
    <ClInclude Include="src\Match\MatchRigidBody.h">
      <Filter>头文件</Filter>
    </ClInclude>
    <ClInclude Include="src\facedespot\ncc.h">
      <Filter>头文件</Filter>
    </ClInclude>
    <ClInclude Include="src\image\resample.h">
      <Filter>头文件</Filter>
    </ClInclude>
    <ClInclude Include="src\image\rotateBlock.h">
      <Filter>头文件</Filter>
    </ClInclude>
    <ClInclude Include="src\imagepro\sort.h">
      <Filter>头文件</Filter>
    </ClInclude>
    <ClInclude Include="src\facedespot\symtrans.h">
      <Filter>头文件</Filter>
    </ClInclude>
  </ItemGroup>
</Project>