
Microsoft Visual Studio Solution File, Format Version 12.00
# Visual Studio 14
VisualStudioVersion = 14.0.25420.1
MinimumVisualStudioVersion = 10.0.40219.1
Project("{8BC9CEB8-8B4A-11D0-8D11-00A0C91BC942}") = "testbed", "testbed\testbed.vcxproj", "{D51405A9-B5A1-4F4A-B7D8-443E794134CF}"
EndProject
Project("{8BC9CEB8-8B4A-11D0-8D11-00A0C91BC942}") = "LinkRecog_GPU", "LinkRecog\LinkRecog.vcxproj", "{1BEBBC8E-3623-46FD-8A99-A43D1B161C0B}"
EndProject
Global
	GlobalSection(SolutionConfigurationPlatforms) = preSolution
		Debug|Win32 = Debug|Win32
		Debug|x64 = Debug|x64
		Release|Win32 = Release|Win32
		Release|x64 = Release|x64
	EndGlobalSection
	GlobalSection(ProjectConfigurationPlatforms) = postSolution
		{D51405A9-B5A1-4F4A-B7D8-443E794134CF}.Debug|Win32.ActiveCfg = Debug|Win32
		{D51405A9-B5A1-4F4A-B7D8-443E794134CF}.Debug|Win32.Build.0 = Debug|Win32
		{D51405A9-B5A1-4F4A-B7D8-443E794134CF}.Debug|x64.ActiveCfg = Debug|x64
		{D51405A9-B5A1-4F4A-B7D8-443E794134CF}.Debug|x64.Build.0 = Debug|x64
		{D51405A9-B5A1-4F4A-B7D8-443E794134CF}.Release|Win32.ActiveCfg = Release|Win32
		{D51405A9-B5A1-4F4A-B7D8-443E794134CF}.Release|Win32.Build.0 = Release|Win32
		{D51405A9-B5A1-4F4A-B7D8-443E794134CF}.Release|x64.ActiveCfg = Release|x64
		{D51405A9-B5A1-4F4A-B7D8-443E794134CF}.Release|x64.Build.0 = Release|x64
		{1BEBBC8E-3623-46FD-8A99-A43D1B161C0B}.Debug|Win32.ActiveCfg = Debug|Win32
		{1BEBBC8E-3623-46FD-8A99-A43D1B161C0B}.Debug|Win32.Build.0 = Debug|Win32
		{1BEBBC8E-3623-46FD-8A99-A43D1B161C0B}.Debug|x64.ActiveCfg = Debug|x64
		{1BEBBC8E-3623-46FD-8A99-A43D1B161C0B}.Debug|x64.Build.0 = Debug|x64
		{1BEBBC8E-3623-46FD-8A99-A43D1B161C0B}.Release|Win32.ActiveCfg = Release|Win32
		{1BEBBC8E-3623-46FD-8A99-A43D1B161C0B}.Release|Win32.Build.0 = Release|Win32
		{1BEBBC8E-3623-46FD-8A99-A43D1B161C0B}.Release|x64.ActiveCfg = Release|x64
		{1BEBBC8E-3623-46FD-8A99-A43D1B161C0B}.Release|x64.Build.0 = Release|x64
	EndGlobalSection
	GlobalSection(SolutionProperties) = preSolution
		HideSolutionNode = FALSE
	EndGlobalSection
EndGlobal
